
Microsoft Visual Studio Solution File, Format Version 12.00
# Visual Studio 14
VisualStudioVersion = 14.0.25420.1
MinimumVisualStudioVersion = 10.0.40219.1
Project("{FAE04EC0-301F-11D3-BF4B-00C04F79EFBC}") = "Odiou", "Odiou\Odiou.csproj", "{7E6965E4-2659-4502-BE95-92C0392BECFD}"
EndProject
Project("{FAE04EC0-301F-11D3-BF4B-00C04F79EFBC}") = "ConsoleTests", "ConsoleTests\ConsoleTests.csproj", "{D957C90A-9421-46F0-805B-B15D236745BF}"
EndProject
Global
	GlobalSection(SolutionConfigurationPlatforms) = preSolution
		Debug|Any CPU = Debug|Any CPU
		Release|Any CPU = Release|Any CPU
	EndGlobalSection
	GlobalSection(ProjectConfigurationPlatforms) = postSolution
		{7E6965E4-2659-4502-BE95-92C0392BECFD}.Debug|Any CPU.ActiveCfg = Debug|Any CPU
		{7E6965E4-2659-4502-BE95-92C0392BECFD}.Debug|Any CPU.Build.0 = Debug|Any CPU
		{7E6965E4-2659-4502-BE95-92C0392BECFD}.Release|Any CPU.ActiveCfg = Release|Any CPU
		{7E6965E4-2659-4502-BE95-92C0392BECFD}.Release|Any CPU.Build.0 = Release|Any CPU
		{D957C90A-9421-46F0-805B-B15D236745BF}.Debug|Any CPU.ActiveCfg = Debug|Any CPU
		{D957C90A-9421-46F0-805B-B15D236745BF}.Debug|Any CPU.Build.0 = Debug|Any CPU
		{D957C90A-9421-46F0-805B-B15D236745BF}.Release|Any CPU.ActiveCfg = Release|Any CPU
		{D957C90A-9421-46F0-805B-B15D236745BF}.Release|Any CPU.Build.0 = Release|Any CPU
	EndGlobalSection
	GlobalSection(SolutionProperties) = preSolution
		HideSolutionNode = FALSE
	EndGlobalSection
EndGlobal
